
Microsoft Visual Studio Solution File, Format Version 12.00
# Visual Studio 2012
Project("{FAE04EC0-301F-11D3-BF4B-00C04F79EFBC}") = "Exercise_4", "Exercise_4\Exercise_4.csproj", "{CF514C58-8F88-4D8D-B518-4AF56CC92F2A}"
EndProject
Global
	GlobalSection(SolutionConfigurationPlatforms) = preSolution
		Debug|Any CPU = Debug|Any CPU
		Release|Any CPU = Release|Any CPU
	EndGlobalSection
	GlobalSection(ProjectConfigurationPlatforms) = postSolution
		{CF514C58-8F88-4D8D-B518-4AF56CC92F2A}.Debug|Any CPU.ActiveCfg = Debug|Any CPU
		{CF514C58-8F88-4D8D-B518-4AF56CC92F2A}.Debug|Any CPU.Build.0 = Debug|Any CPU
		{CF514C58-8F88-4D8D-B518-4AF56CC92F2A}.Release|Any CPU.ActiveCfg = Release|Any CPU
		{CF514C58-8F88-4D8D-B518-4AF56CC92F2A}.Release|Any CPU.Build.0 = Release|Any CPU
	EndGlobalSection
	GlobalSection(SolutionProperties) = preSolution
		HideSolutionNode = FALSE
	EndGlobalSection
EndGlobal
