
Microsoft Visual Studio Solution File, Format Version 12.00
# Visual Studio 2012
Project("{FAE04EC0-301F-11D3-BF4B-00C04F79EFBC}") = "Part_3", "Part_3\Part_3.csproj", "{FC105690-C149-469D-B3D0-30B7CF2F2CD4}"
EndProject
Project("{FAE04EC0-301F-11D3-BF4B-00C04F79EFBC}") = "Part_4", "Part_4\Part_4.csproj", "{BC2F0DA6-123D-4ADD-93A2-D3B367F8D6F3}"
EndProject
Project("{FAE04EC0-301F-11D3-BF4B-00C04F79EFBC}") = "Part_5", "Part_5\Part_5.csproj", "{0CB7F1D9-5422-4784-B4CE-64F601CF5F40}"
EndProject
Global
	GlobalSection(SolutionConfigurationPlatforms) = preSolution
		Debug|Any CPU = Debug|Any CPU
		Release|Any CPU = Release|Any CPU
	EndGlobalSection
	GlobalSection(ProjectConfigurationPlatforms) = postSolution
		{FC105690-C149-469D-B3D0-30B7CF2F2CD4}.Debug|Any CPU.ActiveCfg = Debug|Any CPU
		{FC105690-C149-469D-B3D0-30B7CF2F2CD4}.Debug|Any CPU.Build.0 = Debug|Any CPU
		{FC105690-C149-469D-B3D0-30B7CF2F2CD4}.Release|Any CPU.ActiveCfg = Release|Any CPU
		{FC105690-C149-469D-B3D0-30B7CF2F2CD4}.Release|Any CPU.Build.0 = Release|Any CPU
		{BC2F0DA6-123D-4ADD-93A2-D3B367F8D6F3}.Debug|Any CPU.ActiveCfg = Debug|Any CPU
		{BC2F0DA6-123D-4ADD-93A2-D3B367F8D6F3}.Debug|Any CPU.Build.0 = Debug|Any CPU
		{BC2F0DA6-123D-4ADD-93A2-D3B367F8D6F3}.Release|Any CPU.ActiveCfg = Release|Any CPU
		{BC2F0DA6-123D-4ADD-93A2-D3B367F8D6F3}.Release|Any CPU.Build.0 = Release|Any CPU
		{0CB7F1D9-5422-4784-B4CE-64F601CF5F40}.Debug|Any CPU.ActiveCfg = Debug|Any CPU
		{0CB7F1D9-5422-4784-B4CE-64F601CF5F40}.Debug|Any CPU.Build.0 = Debug|Any CPU
		{0CB7F1D9-5422-4784-B4CE-64F601CF5F40}.Release|Any CPU.ActiveCfg = Release|Any CPU
		{0CB7F1D9-5422-4784-B4CE-64F601CF5F40}.Release|Any CPU.Build.0 = Release|Any CPU
	EndGlobalSection
	GlobalSection(SolutionProperties) = preSolution
		HideSolutionNode = FALSE
	EndGlobalSection
EndGlobal
